{
  "name": "expo-sqlite-hooks",
  "version": "0.0.8",
  "lockfileVersion": 1,
  "requires": true,
  "dependencies": {
    "@expo/websql": {
      "version": "1.0.1",
      "resolved": "https://registry.npmjs.org/@expo/websql/-/websql-1.0.1.tgz",
      "integrity": "sha1-//DPnBuqH3D54dZYt8OaQg2bEKk=",
      "requires": {
        "argsarray": "^0.0.1",
        "immediate": "^3.2.2",
        "noop-fn": "^1.0.0",
        "pouchdb-collections": "^1.0.1",
        "tiny-queue": "^0.2.1"
      }
    },
    "argsarray": {
      "version": "0.0.1",
      "resolved": "https://registry.npmjs.org/argsarray/-/argsarray-0.0.1.tgz",
      "integrity": "sha1-bnIHtOzbObCviDA/pa4ivajfYcs="
    },
    "expo-sqlite": {
      "version": "8.5.0",
      "resolved": "https://registry.npmjs.org/expo-sqlite/-/expo-sqlite-8.5.0.tgz",
      "integrity": "sha512-8VMFrjagl8qE+BWqdacl2I0KLwF6SPMFHqJHHB5vlT/cxOi4PAk1SpmCIvALgZhrtO6UXG6eOG27gICONZtlVg==",
      "requires": {
        "@expo/websql": "^1.0.1",
        "lodash": "^4.17.15"
      }
    },
    "immediate": {
      "version": "3.3.0",
      "resolved": "https://registry.npmjs.org/immediate/-/immediate-3.3.0.tgz",
      "integrity": "sha512-HR7EVodfFUdQCTIeySw+WDRFJlPcLOJbXfwwZ7Oom6tjsvZ3bOkCDJHehQC3nxJrv7+f9XecwazynjU8e4Vw3Q=="
    },
    "js-tokens": {
      "version": "4.0.0",
      "resolved": "https://registry.npmjs.org/js-tokens/-/js-tokens-4.0.0.tgz",
      "integrity": "sha512-RdJUflcE3cUzKiMqQgsCu06FPu9UdIJO0beYbPhHN4k6apgJtifcoCtT9bcxOpYBtpD2kCM6Sbzg4CausW/PKQ=="
    },
    "lodash": {
      "version": "4.17.20",
      "resolved": "https://registry.npmjs.org/lodash/-/lodash-4.17.20.tgz",
      "integrity": "sha512-PlhdFcillOINfeV7Ni6oF1TAEayyZBoZ8bcshTHqOYJYlrqzRK5hagpagky5o4HfCzzd1TRkXPMFq6cKk9rGmA=="
    },
    "loose-envify": {
      "version": "1.4.0",
      "resolved": "https://registry.npmjs.org/loose-envify/-/loose-envify-1.4.0.tgz",
      "integrity": "sha512-lyuxPGr/Wfhrlem2CL/UcnUc1zcqKAImBDzukY7Y5F/yQiNdko6+fRLevlw1HgMySw7f611UIY408EtxRSoK3Q==",
      "requires": {
        "js-tokens": "^3.0.0 || ^4.0.0"
      }
    },
    "noop-fn": {
      "version": "1.0.0",
      "resolved": "https://registry.npmjs.org/noop-fn/-/noop-fn-1.0.0.tgz",
      "integrity": "sha1-XzPUfxPSFQ35PgywNmmemC94/78="
    },
    "object-assign": {
      "version": "4.1.1",
      "resolved": "https://registry.npmjs.org/object-assign/-/object-assign-4.1.1.tgz",
      "integrity": "sha1-IQmtx5ZYh8/AXLvUQsrIv7s2CGM="
    },
    "pouchdb-collections": {
      "version": "1.0.1",
      "resolved": "https://registry.npmjs.org/pouchdb-collections/-/pouchdb-collections-1.0.1.tgz",
      "integrity": "sha1-/mOhfal3YRq+98uAJssalVP9g1k="
    },
    "react": {
      "version": "17.0.1",
      "resolved": "https://registry.npmjs.org/react/-/react-17.0.1.tgz",
      "integrity": "sha512-lG9c9UuMHdcAexXtigOZLX8exLWkW0Ku29qPRU8uhF2R9BN96dLCt0psvzPLlHc5OWkgymP3qwTRgbnw5BKx3w==",
      "requires": {
        "loose-envify": "^1.1.0",
        "object-assign": "^4.1.1"
      }
    },
    "tiny-queue": {
      "version": "0.2.1",
      "resolved": "https://registry.npmjs.org/tiny-queue/-/tiny-queue-0.2.1.tgz",
      "integrity": "sha1-JaZ/LG4lOyypQZd7XvdELvl6YEY="
    }
  }
}
